// !$*UTF8*$!
{
	archiveVersion = 1;
	classes = {
	};
	objectVersion = 51;
	objects = {

/* Begin PBXBuildFile section */
		100CC803243CD18A003C9EDE /* MapBoxViewController.swift in Sources */ = {isa = PBXBuildFile; fileRef = 100CC802243CD18A003C9EDE /* MapBoxViewController.swift */; };
		100CC818243D0CCB003C9EDE /* keys.plist in Resources */ = {isa = PBXBuildFile; fileRef = 100CC816243D0CA8003C9EDE /* keys.plist */; };
		101132D72437A40300D15779 /* ProxyManager.swift in Sources */ = {isa = PBXBuildFile; fileRef = 101132D62437A40300D15779 /* ProxyManager.swift */; };
		101132DB2437D47C00D15779 /* SDLAppConstants.swift in Sources */ = {isa = PBXBuildFile; fileRef = 101132DA2437D47C00D15779 /* SDLAppConstants.swift */; };
		10463E59246DDB4700B19762 /* MenuManager.swift in Sources */ = {isa = PBXBuildFile; fileRef = 10463E58246DDB4700B19762 /* MenuManager.swift */; };
		10463E5C246DE1A000B19762 /* Extensions.swift in Sources */ = {isa = PBXBuildFile; fileRef = 10463E5B246DE1A000B19762 /* Extensions.swift */; };
		1047312424476BB800819B15 /* SDLMenu.storyboard in Resources */ = {isa = PBXBuildFile; fileRef = 1047312324476BB800819B15 /* SDLMenu.storyboard */; };
		1047312624476C4C00819B15 /* SDLMenuViewController.swift in Sources */ = {isa = PBXBuildFile; fileRef = 1047312524476C4C00819B15 /* SDLMenuViewController.swift */; };
		107203FD2476C5E100502835 /* SecretValues.swift in Sources */ = {isa = PBXBuildFile; fileRef = 107203FC2476C5E100502835 /* SecretValues.swift */; };
		107A571B2445EB0C000BA7C6 /* SDLMapViewTouchManager.swift in Sources */ = {isa = PBXBuildFile; fileRef = 107A571A2445EB0C000BA7C6 /* SDLMapViewTouchManager.swift */; };
		107A571D2446466A000BA7C6 /* SDLMenuButton.swift in Sources */ = {isa = PBXBuildFile; fileRef = 107A571C2446466A000BA7C6 /* SDLMenuButton.swift */; };
		107A571F2446508B000BA7C6 /* MapManager.swift in Sources */ = {isa = PBXBuildFile; fileRef = 107A571E2446508B000BA7C6 /* MapManager.swift */; };
		108BCB96243E400C00F67A97 /* StreamSettings.swift in Sources */ = {isa = PBXBuildFile; fileRef = 108BCB95243E400C00F67A97 /* StreamSettings.swift */; };
		10A0C21F243780C70010D9F6 /* AppDelegate.swift in Sources */ = {isa = PBXBuildFile; fileRef = 10A0C21E243780C70010D9F6 /* AppDelegate.swift */; };
		10A0C226243780C70010D9F6 /* Main.storyboard in Resources */ = {isa = PBXBuildFile; fileRef = 10A0C224243780C70010D9F6 /* Main.storyboard */; };
		10A0C228243780C80010D9F6 /* Assets.xcassets in Resources */ = {isa = PBXBuildFile; fileRef = 10A0C227243780C80010D9F6 /* Assets.xcassets */; };
		10A0C22B243780C80010D9F6 /* LaunchScreen.storyboard in Resources */ = {isa = PBXBuildFile; fileRef = 10A0C229243780C80010D9F6 /* LaunchScreen.storyboard */; };
		10A40389245A1CD70040E83D /* SearchManager.swift in Sources */ = {isa = PBXBuildFile; fileRef = 10A40388245A1CD70040E83D /* SearchManager.swift */; };
		10B17673243E556C001EE3C5 /* SettingOptionsViewController.swift in Sources */ = {isa = PBXBuildFile; fileRef = 10B17672243E556C001EE3C5 /* SettingOptionsViewController.swift */; };
		10E12C84243E2A1200C4B1F7 /* SettingsViewController.swift in Sources */ = {isa = PBXBuildFile; fileRef = 10E12C83243E2A1200C4B1F7 /* SettingsViewController.swift */; };
		10E90B2D24749B84003C41ED /* LocationManager.swift in Sources */ = {isa = PBXBuildFile; fileRef = 10E90B2C24749B84003C41ED /* LocationManager.swift */; };
		10EA2DE9246C7E9700A4DB3A /* Settings.storyboard in Resources */ = {isa = PBXBuildFile; fileRef = 10EA2DE8246C7E9700A4DB3A /* Settings.storyboard */; };
		10EA2DEC246C956F00A4DB3A /* Search.storyboard in Resources */ = {isa = PBXBuildFile; fileRef = 10EA2DEB246C956F00A4DB3A /* Search.storyboard */; };
		10EA2DEE246CC9A100A4DB3A /* SearchViewController.swift in Sources */ = {isa = PBXBuildFile; fileRef = 10EA2DED246CC9A100A4DB3A /* SearchViewController.swift */; };
		10F4A48B24759D0B00DAB205 /* Alert.swift in Sources */ = {isa = PBXBuildFile; fileRef = 10F4A48A24759D0B00DAB205 /* Alert.swift */; };
		10F4A48D2475C44300DAB205 /* NotificationQueue.swift in Sources */ = {isa = PBXBuildFile; fileRef = 10F4A48C2475C44300DAB205 /* NotificationQueue.swift */; };
		10F621DF246DE67C00BDCC88 /* MapButton.swift in Sources */ = {isa = PBXBuildFile; fileRef = 10F621DE246DE67C00BDCC88 /* MapButton.swift */; };
		10F621E12472D10900BDCC88 /* OffScreen.storyboard in Resources */ = {isa = PBXBuildFile; fileRef = 10F621E02472D10900BDCC88 /* OffScreen.storyboard */; };
		10F621E32472E28700BDCC88 /* OffScreenViewController.swift in Sources */ = {isa = PBXBuildFile; fileRef = 10F621E22472E28700BDCC88 /* OffScreenViewController.swift */; };
		10F621E52473239F00BDCC88 /* AppUserDefaults.swift in Sources */ = {isa = PBXBuildFile; fileRef = 10F621E42473239F00BDCC88 /* AppUserDefaults.swift */; };
		10F621ED2474446400BDCC88 /* MapItemsListInteraction.swift in Sources */ = {isa = PBXBuildFile; fileRef = 10F621EC2474446400BDCC88 /* MapItemsListInteraction.swift */; };
		10F621F1247467C700BDCC88 /* KeyboardSearchInteraction.swift in Sources */ = {isa = PBXBuildFile; fileRef = 10F621F0247467C700BDCC88 /* KeyboardSearchInteraction.swift */; };
		DF52484B0BFFA9B38D01FD66 /* Pods_MobileNav.framework in Frameworks */ = {isa = PBXBuildFile; fileRef = 735759190470A036D9B4493A /* Pods_MobileNav.framework */; };
/* End PBXBuildFile section */

/* Begin PBXFileReference section */
		100CC802243CD18A003C9EDE /* MapBoxViewController.swift */ = {isa = PBXFileReference; lastKnownFileType = sourcecode.swift; path = MapBoxViewController.swift; sourceTree = "<group>"; };
		100CC816243D0CA8003C9EDE /* keys.plist */ = {isa = PBXFileReference; lastKnownFileType = text.plist.xml; path = keys.plist; sourceTree = "<group>"; };
		101132D62437A40300D15779 /* ProxyManager.swift */ = {isa = PBXFileReference; lastKnownFileType = sourcecode.swift; path = ProxyManager.swift; sourceTree = "<group>"; };
		101132DA2437D47C00D15779 /* SDLAppConstants.swift */ = {isa = PBXFileReference; lastKnownFileType = sourcecode.swift; path = SDLAppConstants.swift; sourceTree = "<group>"; };
		10463E58246DDB4700B19762 /* MenuManager.swift */ = {isa = PBXFileReference; lastKnownFileType = sourcecode.swift; path = MenuManager.swift; sourceTree = "<group>"; };
		10463E5B246DE1A000B19762 /* Extensions.swift */ = {isa = PBXFileReference; lastKnownFileType = sourcecode.swift; path = Extensions.swift; sourceTree = "<group>"; };
		1047312324476BB800819B15 /* SDLMenu.storyboard */ = {isa = PBXFileReference; lastKnownFileType = file.storyboard; path = SDLMenu.storyboard; sourceTree = "<group>"; };
		1047312524476C4C00819B15 /* SDLMenuViewController.swift */ = {isa = PBXFileReference; lastKnownFileType = sourcecode.swift; path = SDLMenuViewController.swift; sourceTree = "<group>"; };
		107203FC2476C5E100502835 /* SecretValues.swift */ = {isa = PBXFileReference; lastKnownFileType = sourcecode.swift; path = SecretValues.swift; sourceTree = "<group>"; };
		107A571A2445EB0C000BA7C6 /* SDLMapViewTouchManager.swift */ = {isa = PBXFileReference; lastKnownFileType = sourcecode.swift; path = SDLMapViewTouchManager.swift; sourceTree = "<group>"; };
		107A571C2446466A000BA7C6 /* SDLMenuButton.swift */ = {isa = PBXFileReference; lastKnownFileType = sourcecode.swift; path = SDLMenuButton.swift; sourceTree = "<group>"; };
		107A571E2446508B000BA7C6 /* MapManager.swift */ = {isa = PBXFileReference; lastKnownFileType = sourcecode.swift; path = MapManager.swift; sourceTree = "<group>"; };
		108BCB95243E400C00F67A97 /* StreamSettings.swift */ = {isa = PBXFileReference; lastKnownFileType = sourcecode.swift; path = StreamSettings.swift; sourceTree = "<group>"; };
		10A0C21B243780C70010D9F6 /* MobileNav.app */ = {isa = PBXFileReference; explicitFileType = wrapper.application; includeInIndex = 0; path = MobileNav.app; sourceTree = BUILT_PRODUCTS_DIR; };
		10A0C21E243780C70010D9F6 /* AppDelegate.swift */ = {isa = PBXFileReference; lastKnownFileType = sourcecode.swift; path = AppDelegate.swift; sourceTree = "<group>"; };
		10A0C225243780C70010D9F6 /* Base */ = {isa = PBXFileReference; lastKnownFileType = file.storyboard; name = Base; path = Base.lproj/Main.storyboard; sourceTree = "<group>"; };
		10A0C227243780C80010D9F6 /* Assets.xcassets */ = {isa = PBXFileReference; lastKnownFileType = folder.assetcatalog; path = Assets.xcassets; sourceTree = "<group>"; };
		10A0C22A243780C80010D9F6 /* Base */ = {isa = PBXFileReference; lastKnownFileType = file.storyboard; name = Base; path = Base.lproj/LaunchScreen.storyboard; sourceTree = "<group>"; };
		10A0C22C243780C80010D9F6 /* Info.plist */ = {isa = PBXFileReference; lastKnownFileType = text.plist.xml; path = Info.plist; sourceTree = "<group>"; };
		10A40388245A1CD70040E83D /* SearchManager.swift */ = {isa = PBXFileReference; lastKnownFileType = sourcecode.swift; path = SearchManager.swift; sourceTree = "<group>"; };
		10B17672243E556C001EE3C5 /* SettingOptionsViewController.swift */ = {isa = PBXFileReference; lastKnownFileType = sourcecode.swift; path = SettingOptionsViewController.swift; sourceTree = "<group>"; };
		10E12C83243E2A1200C4B1F7 /* SettingsViewController.swift */ = {isa = PBXFileReference; lastKnownFileType = sourcecode.swift; path = SettingsViewController.swift; sourceTree = "<group>"; };
		10E90B2C24749B84003C41ED /* LocationManager.swift */ = {isa = PBXFileReference; lastKnownFileType = sourcecode.swift; path = LocationManager.swift; sourceTree = "<group>"; };
		10EA2DE8246C7E9700A4DB3A /* Settings.storyboard */ = {isa = PBXFileReference; lastKnownFileType = file.storyboard; path = Settings.storyboard; sourceTree = "<group>"; };
		10EA2DEB246C956F00A4DB3A /* Search.storyboard */ = {isa = PBXFileReference; lastKnownFileType = file.storyboard; path = Search.storyboard; sourceTree = "<group>"; };
		10EA2DED246CC9A100A4DB3A /* SearchViewController.swift */ = {isa = PBXFileReference; lastKnownFileType = sourcecode.swift; path = SearchViewController.swift; sourceTree = "<group>"; };
		10F4A48A24759D0B00DAB205 /* Alert.swift */ = {isa = PBXFileReference; lastKnownFileType = sourcecode.swift; path = Alert.swift; sourceTree = "<group>"; };
		10F4A48C2475C44300DAB205 /* NotificationQueue.swift */ = {isa = PBXFileReference; lastKnownFileType = sourcecode.swift; path = NotificationQueue.swift; sourceTree = "<group>"; };
		10F621DE246DE67C00BDCC88 /* MapButton.swift */ = {isa = PBXFileReference; lastKnownFileType = sourcecode.swift; path = MapButton.swift; sourceTree = "<group>"; };
		10F621E02472D10900BDCC88 /* OffScreen.storyboard */ = {isa = PBXFileReference; lastKnownFileType = file.storyboard; path = OffScreen.storyboard; sourceTree = "<group>"; };
		10F621E22472E28700BDCC88 /* OffScreenViewController.swift */ = {isa = PBXFileReference; lastKnownFileType = sourcecode.swift; path = OffScreenViewController.swift; sourceTree = "<group>"; };
		10F621E42473239F00BDCC88 /* AppUserDefaults.swift */ = {isa = PBXFileReference; lastKnownFileType = sourcecode.swift; path = AppUserDefaults.swift; sourceTree = "<group>"; };
		10F621EC2474446400BDCC88 /* MapItemsListInteraction.swift */ = {isa = PBXFileReference; lastKnownFileType = sourcecode.swift; path = MapItemsListInteraction.swift; sourceTree = "<group>"; };
		10F621F0247467C700BDCC88 /* KeyboardSearchInteraction.swift */ = {isa = PBXFileReference; fileEncoding = 4; lastKnownFileType = sourcecode.swift; path = KeyboardSearchInteraction.swift; sourceTree = "<group>"; };
		5071711CF91722F4EB66460B /* Pods-MobileNav.release.xcconfig */ = {isa = PBXFileReference; includeInIndex = 1; lastKnownFileType = text.xcconfig; name = "Pods-MobileNav.release.xcconfig"; path = "Target Support Files/Pods-MobileNav/Pods-MobileNav.release.xcconfig"; sourceTree = "<group>"; };
		735759190470A036D9B4493A /* Pods_MobileNav.framework */ = {isa = PBXFileReference; explicitFileType = wrapper.framework; includeInIndex = 0; path = Pods_MobileNav.framework; sourceTree = BUILT_PRODUCTS_DIR; };
		B5B3861B60DEB606EB7B5E3D /* Pods-MobileNav.debug.xcconfig */ = {isa = PBXFileReference; includeInIndex = 1; lastKnownFileType = text.xcconfig; name = "Pods-MobileNav.debug.xcconfig"; path = "Target Support Files/Pods-MobileNav/Pods-MobileNav.debug.xcconfig"; sourceTree = "<group>"; };
/* End PBXFileReference section */

/* Begin PBXFrameworksBuildPhase section */
		10A0C218243780C70010D9F6 /* Frameworks */ = {
			isa = PBXFrameworksBuildPhase;
			buildActionMask = 2147483647;
			files = (
				DF52484B0BFFA9B38D01FD66 /* Pods_MobileNav.framework in Frameworks */,
			);
			runOnlyForDeploymentPostprocessing = 0;
		};
/* End PBXFrameworksBuildPhase section */

/* Begin PBXGroup section */
		053BE1BD6AFB3D6A10F3D7F2 /* Pods */ = {
			isa = PBXGroup;
			children = (
				B5B3861B60DEB606EB7B5E3D /* Pods-MobileNav.debug.xcconfig */,
				5071711CF91722F4EB66460B /* Pods-MobileNav.release.xcconfig */,
			);
			path = Pods;
			sourceTree = "<group>";
		};
		101132D52437991500D15779 /* SDL */ = {
			isa = PBXGroup;
			children = (
				101132D62437A40300D15779 /* ProxyManager.swift */,
				101132DA2437D47C00D15779 /* SDLAppConstants.swift */,
				10463E58246DDB4700B19762 /* MenuManager.swift */,
				10EA2DF4246DCA3800A4DB3A /* SDL UI */,
				10F621F0247467C700BDCC88 /* KeyboardSearchInteraction.swift */,
				10F621EC2474446400BDCC88 /* MapItemsListInteraction.swift */,
				10F4A48A24759D0B00DAB205 /* Alert.swift */,
			);
			path = SDL;
			sourceTree = "<group>";
		};
		10463E5A246DE18200B19762 /* Helpers + Extensions */ = {
			isa = PBXGroup;
			children = (
				10F4A48E2476080300DAB205 /* Managers and Singletons */,
				10463E5B246DE1A000B19762 /* Extensions.swift */,
				10F621E42473239F00BDCC88 /* AppUserDefaults.swift */,
				107203FC2476C5E100502835 /* SecretValues.swift */,
			);
			path = "Helpers + Extensions";
			sourceTree = "<group>";
		};
		107A57242446611F000BA7C6 /* Supporting Files */ = {
			isa = PBXGroup;
			children = (
				10A0C21E243780C70010D9F6 /* AppDelegate.swift */,
				10A0C227243780C80010D9F6 /* Assets.xcassets */,
				10A0C229243780C80010D9F6 /* LaunchScreen.storyboard */,
			);
			path = "Supporting Files";
			sourceTree = "<group>";
		};
		108B1B1C24475B05008A3FEA /* Menu */ = {
			isa = PBXGroup;
			children = (
				107A571C2446466A000BA7C6 /* SDLMenuButton.swift */,
				1047312324476BB800819B15 /* SDLMenu.storyboard */,
				1047312524476C4C00819B15 /* SDLMenuViewController.swift */,
			);
			path = Menu;
			sourceTree = "<group>";
		};
		10A0C212243780C70010D9F6 = {
			isa = PBXGroup;
			children = (
				10A0C21D243780C70010D9F6 /* MobileNav */,
				10A0C21C243780C70010D9F6 /* Products */,
				053BE1BD6AFB3D6A10F3D7F2 /* Pods */,
				ED0354DD10141251D757372C /* Frameworks */,
			);
			sourceTree = "<group>";
		};
		10A0C21C243780C70010D9F6 /* Products */ = {
			isa = PBXGroup;
			children = (
				10A0C21B243780C70010D9F6 /* MobileNav.app */,
			);
			name = Products;
			sourceTree = "<group>";
		};
		10A0C21D243780C70010D9F6 /* MobileNav */ = {
			isa = PBXGroup;
			children = (
				10EA2DF1246DC66500A4DB3A /* ViewControllers */,
				10EA2DF0246DC64500A4DB3A /* Storyboards */,
				10E12C85243E320D00C4B1F7 /* Settings */,
				10463E5A246DE18200B19762 /* Helpers + Extensions */,
				107A57242446611F000BA7C6 /* Supporting Files */,
				101132D52437991500D15779 /* SDL */,
				10A0C22C243780C80010D9F6 /* Info.plist */,
				100CC816243D0CA8003C9EDE /* keys.plist */,
				10F621DE246DE67C00BDCC88 /* MapButton.swift */,
			);
			path = MobileNav;
			sourceTree = "<group>";
		};
		10E12C85243E320D00C4B1F7 /* Settings */ = {
			isa = PBXGroup;
			children = (
				108BCB95243E400C00F67A97 /* StreamSettings.swift */,
			);
			path = Settings;
			sourceTree = "<group>";
		};
		10EA2DF0246DC64500A4DB3A /* Storyboards */ = {
			isa = PBXGroup;
			children = (
				10A0C224243780C70010D9F6 /* Main.storyboard */,
				10EA2DEB246C956F00A4DB3A /* Search.storyboard */,
				10EA2DE8246C7E9700A4DB3A /* Settings.storyboard */,
				10F621E02472D10900BDCC88 /* OffScreen.storyboard */,
			);
			path = Storyboards;
			sourceTree = "<group>";
		};
		10EA2DF1246DC66500A4DB3A /* ViewControllers */ = {
			isa = PBXGroup;
			children = (
				10EA2DF3246DC6EE00A4DB3A /* Map */,
				10EA2DF2246DC6E100A4DB3A /* Settings */,
				10F621E22472E28700BDCC88 /* OffScreenViewController.swift */,
			);
			path = ViewControllers;
			sourceTree = "<group>";
		};
		10EA2DF2246DC6E100A4DB3A /* Settings */ = {
			isa = PBXGroup;
			children = (
				10E12C83243E2A1200C4B1F7 /* SettingsViewController.swift */,
				10B17672243E556C001EE3C5 /* SettingOptionsViewController.swift */,
			);
			path = Settings;
			sourceTree = "<group>";
		};
		10EA2DF3246DC6EE00A4DB3A /* Map */ = {
			isa = PBXGroup;
			children = (
				100CC802243CD18A003C9EDE /* MapBoxViewController.swift */,
				10EA2DED246CC9A100A4DB3A /* SearchViewController.swift */,
			);
			path = Map;
			sourceTree = "<group>";
		};
		10EA2DF4246DCA3800A4DB3A /* SDL UI */ = {
			isa = PBXGroup;
			children = (
				10F20F22243BC0DC005C2E8A /* Map */,
				108B1B1C24475B05008A3FEA /* Menu */,
			);
			path = "SDL UI";
			sourceTree = "<group>";
		};
		10F20F22243BC0DC005C2E8A /* Map */ = {
			isa = PBXGroup;
			children = (
				107A571A2445EB0C000BA7C6 /* SDLMapViewTouchManager.swift */,
				107A571E2446508B000BA7C6 /* MapManager.swift */,
			);
			path = Map;
			sourceTree = "<group>";
		};
		10F4A48E2476080300DAB205 /* Managers and Singletons */ = {
			isa = PBXGroup;
			children = (
				10A40388245A1CD70040E83D /* SearchManager.swift */,
				10E90B2C24749B84003C41ED /* LocationManager.swift */,
				10F4A48C2475C44300DAB205 /* NotificationQueue.swift */,
			);
			path = "Managers and Singletons";
			sourceTree = "<group>";
		};
		ED0354DD10141251D757372C /* Frameworks */ = {
			isa = PBXGroup;
			children = (
				735759190470A036D9B4493A /* Pods_MobileNav.framework */,
			);
			name = Frameworks;
			sourceTree = "<group>";
		};
/* End PBXGroup section */

/* Begin PBXNativeTarget section */
		10A0C21A243780C70010D9F6 /* MobileNav */ = {
			isa = PBXNativeTarget;
			buildConfigurationList = 10A0C22F243780C80010D9F6 /* Build configuration list for PBXNativeTarget "MobileNav" */;
			buildPhases = (
				85E197028706E6114BE97FF0 /* [CP] Check Pods Manifest.lock */,
				10A0C217243780C70010D9F6 /* Sources */,
				10A0C218243780C70010D9F6 /* Frameworks */,
				10A0C219243780C70010D9F6 /* Resources */,
				BEA0491B34B392FF56F666BA /* [CP] Embed Pods Frameworks */,
			);
			buildRules = (
			);
			dependencies = (
			);
			name = MobileNav;
			productName = MobileNav;
			productReference = 10A0C21B243780C70010D9F6 /* MobileNav.app */;
			productType = "com.apple.product-type.application";
		};
/* End PBXNativeTarget section */

/* Begin PBXProject section */
		10A0C213243780C70010D9F6 /* Project object */ = {
			isa = PBXProject;
			attributes = {
				KnownAssetTags = (
					1,
				);
				LastSwiftUpdateCheck = 1140;
				LastUpgradeCheck = 1140;
				ORGANIZATIONNAME = "Livio Inc.";
				TargetAttributes = {
					10A0C21A243780C70010D9F6 = {
						CreatedOnToolsVersion = 11.4;
					};
				};
			};
			buildConfigurationList = 10A0C216243780C70010D9F6 /* Build configuration list for PBXProject "MobileNav" */;
			compatibilityVersion = "Xcode 9.3";
			developmentRegion = en;
			hasScannedForEncodings = 0;
			knownRegions = (
				en,
				Base,
			);
			mainGroup = 10A0C212243780C70010D9F6;
			productRefGroup = 10A0C21C243780C70010D9F6 /* Products */;
			projectDirPath = "";
			projectRoot = "";
			targets = (
				10A0C21A243780C70010D9F6 /* MobileNav */,
			);
		};
/* End PBXProject section */

/* Begin PBXResourcesBuildPhase section */
		10A0C219243780C70010D9F6 /* Resources */ = {
			isa = PBXResourcesBuildPhase;
			buildActionMask = 2147483647;
			files = (
				100CC818243D0CCB003C9EDE /* keys.plist in Resources */,
				1047312424476BB800819B15 /* SDLMenu.storyboard in Resources */,
				10A0C22B243780C80010D9F6 /* LaunchScreen.storyboard in Resources */,
				10F621E12472D10900BDCC88 /* OffScreen.storyboard in Resources */,
				10A0C228243780C80010D9F6 /* Assets.xcassets in Resources */,
				10EA2DE9246C7E9700A4DB3A /* Settings.storyboard in Resources */,
				10EA2DEC246C956F00A4DB3A /* Search.storyboard in Resources */,
				10A0C226243780C70010D9F6 /* Main.storyboard in Resources */,
			);
			runOnlyForDeploymentPostprocessing = 0;
		};
/* End PBXResourcesBuildPhase section */

/* Begin PBXShellScriptBuildPhase section */
		85E197028706E6114BE97FF0 /* [CP] Check Pods Manifest.lock */ = {
			isa = PBXShellScriptBuildPhase;
			buildActionMask = 2147483647;
			files = (
			);
			inputFileListPaths = (
			);
			inputPaths = (
				"${PODS_PODFILE_DIR_PATH}/Podfile.lock",
				"${PODS_ROOT}/Manifest.lock",
			);
			name = "[CP] Check Pods Manifest.lock";
			outputFileListPaths = (
			);
			outputPaths = (
				"$(DERIVED_FILE_DIR)/Pods-MobileNav-checkManifestLockResult.txt",
			);
			runOnlyForDeploymentPostprocessing = 0;
			shellPath = /bin/sh;
			shellScript = "diff \"${PODS_PODFILE_DIR_PATH}/Podfile.lock\" \"${PODS_ROOT}/Manifest.lock\" > /dev/null\nif [ $? != 0 ] ; then\n    # print error to STDERR\n    echo \"error: The sandbox is not in sync with the Podfile.lock. Run 'pod install' or update your CocoaPods installation.\" >&2\n    exit 1\nfi\n# This output is used by Xcode 'outputs' to avoid re-running this script phase.\necho \"SUCCESS\" > \"${SCRIPT_OUTPUT_FILE_0}\"\n";
			showEnvVarsInLog = 0;
		};
		BEA0491B34B392FF56F666BA /* [CP] Embed Pods Frameworks */ = {
			isa = PBXShellScriptBuildPhase;
			buildActionMask = 2147483647;
			files = (
			);
			inputFileListPaths = (
				"${PODS_ROOT}/Target Support Files/Pods-MobileNav/Pods-MobileNav-frameworks-${CONFIGURATION}-input-files.xcfilelist",
			);
			name = "[CP] Embed Pods Frameworks";
			outputFileListPaths = (
				"${PODS_ROOT}/Target Support Files/Pods-MobileNav/Pods-MobileNav-frameworks-${CONFIGURATION}-output-files.xcfilelist",
			);
			runOnlyForDeploymentPostprocessing = 0;
			shellPath = /bin/sh;
			shellScript = "\"${PODS_ROOT}/Target Support Files/Pods-MobileNav/Pods-MobileNav-frameworks.sh\"\n";
			showEnvVarsInLog = 0;
		};
/* End PBXShellScriptBuildPhase section */

/* Begin PBXSourcesBuildPhase section */
		10A0C217243780C70010D9F6 /* Sources */ = {
			isa = PBXSourcesBuildPhase;
			buildActionMask = 2147483647;
			files = (
				10463E5C246DE1A000B19762 /* Extensions.swift in Sources */,
				107A571B2445EB0C000BA7C6 /* SDLMapViewTouchManager.swift in Sources */,
				100CC803243CD18A003C9EDE /* MapBoxViewController.swift in Sources */,
				107203FD2476C5E100502835 /* SecretValues.swift in Sources */,
				10F4A48B24759D0B00DAB205 /* Alert.swift in Sources */,
				10F621E52473239F00BDCC88 /* AppUserDefaults.swift in Sources */,
				1047312624476C4C00819B15 /* SDLMenuViewController.swift in Sources */,
				10E90B2D24749B84003C41ED /* LocationManager.swift in Sources */,
				10F621F1247467C700BDCC88 /* KeyboardSearchInteraction.swift in Sources */,
				10E12C84243E2A1200C4B1F7 /* SettingsViewController.swift in Sources */,
				107A571F2446508B000BA7C6 /* MapManager.swift in Sources */,
				10F621ED2474446400BDCC88 /* MapItemsListInteraction.swift in Sources */,
				10A0C21F243780C70010D9F6 /* AppDelegate.swift in Sources */,
				10F621DF246DE67C00BDCC88 /* MapButton.swift in Sources */,
				10F621E32472E28700BDCC88 /* OffScreenViewController.swift in Sources */,
				107A571D2446466A000BA7C6 /* SDLMenuButton.swift in Sources */,
				108BCB96243E400C00F67A97 /* StreamSettings.swift in Sources */,
				10EA2DEE246CC9A100A4DB3A /* SearchViewController.swift in Sources */,
				101132DB2437D47C00D15779 /* SDLAppConstants.swift in Sources */,
				101132D72437A40300D15779 /* ProxyManager.swift in Sources */,
				10463E59246DDB4700B19762 /* MenuManager.swift in Sources */,
				10A40389245A1CD70040E83D /* SearchManager.swift in Sources */,
				10F4A48D2475C44300DAB205 /* NotificationQueue.swift in Sources */,
				10B17673243E556C001EE3C5 /* SettingOptionsViewController.swift in Sources */,
			);
			runOnlyForDeploymentPostprocessing = 0;
		};
/* End PBXSourcesBuildPhase section */

/* Begin PBXVariantGroup section */
		10A0C224243780C70010D9F6 /* Main.storyboard */ = {
			isa = PBXVariantGroup;
			children = (
				10A0C225243780C70010D9F6 /* Base */,
			);
			name = Main.storyboard;
			sourceTree = "<group>";
		};
		10A0C229243780C80010D9F6 /* LaunchScreen.storyboard */ = {
			isa = PBXVariantGroup;
			children = (
				10A0C22A243780C80010D9F6 /* Base */,
			);
			name = LaunchScreen.storyboard;
			sourceTree = "<group>";
		};
/* End PBXVariantGroup section */

/* Begin XCBuildConfiguration section */
		10A0C22D243780C80010D9F6 /* Debug */ = {
			isa = XCBuildConfiguration;
			buildSettings = {
				ALWAYS_SEARCH_USER_PATHS = NO;
				CLANG_ANALYZER_NONNULL = YES;
				CLANG_ANALYZER_NUMBER_OBJECT_CONVERSION = YES_AGGRESSIVE;
				CLANG_CXX_LANGUAGE_STANDARD = "gnu++14";
				CLANG_CXX_LIBRARY = "libc++";
				CLANG_ENABLE_MODULES = YES;
				CLANG_ENABLE_OBJC_ARC = YES;
				CLANG_ENABLE_OBJC_WEAK = YES;
				CLANG_WARN_BLOCK_CAPTURE_AUTORELEASING = YES;
				CLANG_WARN_BOOL_CONVERSION = YES;
				CLANG_WARN_COMMA = YES;
				CLANG_WARN_CONSTANT_CONVERSION = YES;
				CLANG_WARN_DEPRECATED_OBJC_IMPLEMENTATIONS = YES;
				CLANG_WARN_DIRECT_OBJC_ISA_USAGE = YES_ERROR;
				CLANG_WARN_DOCUMENTATION_COMMENTS = YES;
				CLANG_WARN_EMPTY_BODY = YES;
				CLANG_WARN_ENUM_CONVERSION = YES;
				CLANG_WARN_INFINITE_RECURSION = YES;
				CLANG_WARN_INT_CONVERSION = YES;
				CLANG_WARN_NON_LITERAL_NULL_CONVERSION = YES;
				CLANG_WARN_OBJC_IMPLICIT_RETAIN_SELF = YES;
				CLANG_WARN_OBJC_LITERAL_CONVERSION = YES;
				CLANG_WARN_OBJC_ROOT_CLASS = YES_ERROR;
				CLANG_WARN_RANGE_LOOP_ANALYSIS = YES;
				CLANG_WARN_STRICT_PROTOTYPES = YES;
				CLANG_WARN_SUSPICIOUS_MOVE = YES;
				CLANG_WARN_UNGUARDED_AVAILABILITY = YES_AGGRESSIVE;
				CLANG_WARN_UNREACHABLE_CODE = YES;
				CLANG_WARN__DUPLICATE_METHOD_MATCH = YES;
				COPY_PHASE_STRIP = NO;
				DEBUG_INFORMATION_FORMAT = dwarf;
				ENABLE_STRICT_OBJC_MSGSEND = YES;
				ENABLE_TESTABILITY = YES;
				GCC_C_LANGUAGE_STANDARD = gnu11;
				GCC_DYNAMIC_NO_PIC = NO;
				GCC_NO_COMMON_BLOCKS = YES;
				GCC_OPTIMIZATION_LEVEL = 0;
				GCC_PREPROCESSOR_DEFINITIONS = (
					"DEBUG=1",
					"$(inherited)",
				);
				GCC_WARN_64_TO_32_BIT_CONVERSION = YES;
				GCC_WARN_ABOUT_RETURN_TYPE = YES_ERROR;
				GCC_WARN_UNDECLARED_SELECTOR = YES;
				GCC_WARN_UNINITIALIZED_AUTOS = YES_AGGRESSIVE;
				GCC_WARN_UNUSED_FUNCTION = YES;
				GCC_WARN_UNUSED_VARIABLE = YES;
				IPHONEOS_DEPLOYMENT_TARGET = 11.0;
				MTL_ENABLE_DEBUG_INFO = INCLUDE_SOURCE;
				MTL_FAST_MATH = YES;
				ONLY_ACTIVE_ARCH = YES;
				SDKROOT = iphoneos;
				SWIFT_ACTIVE_COMPILATION_CONDITIONS = DEBUG;
				SWIFT_OPTIMIZATION_LEVEL = "-Onone";
			};
			name = Debug;
		};
		10A0C22E243780C80010D9F6 /* Release */ = {
			isa = XCBuildConfiguration;
			buildSettings = {
				ALWAYS_SEARCH_USER_PATHS = NO;
				CLANG_ANALYZER_NONNULL = YES;
				CLANG_ANALYZER_NUMBER_OBJECT_CONVERSION = YES_AGGRESSIVE;
				CLANG_CXX_LANGUAGE_STANDARD = "gnu++14";
				CLANG_CXX_LIBRARY = "libc++";
				CLANG_ENABLE_MODULES = YES;
				CLANG_ENABLE_OBJC_ARC = YES;
				CLANG_ENABLE_OBJC_WEAK = YES;
				CLANG_WARN_BLOCK_CAPTURE_AUTORELEASING = YES;
				CLANG_WARN_BOOL_CONVERSION = YES;
				CLANG_WARN_COMMA = YES;
				CLANG_WARN_CONSTANT_CONVERSION = YES;
				CLANG_WARN_DEPRECATED_OBJC_IMPLEMENTATIONS = YES;
				CLANG_WARN_DIRECT_OBJC_ISA_USAGE = YES_ERROR;
				CLANG_WARN_DOCUMENTATION_COMMENTS = YES;
				CLANG_WARN_EMPTY_BODY = YES;
				CLANG_WARN_ENUM_CONVERSION = YES;
				CLANG_WARN_INFINITE_RECURSION = YES;
				CLANG_WARN_INT_CONVERSION = YES;
				CLANG_WARN_NON_LITERAL_NULL_CONVERSION = YES;
				CLANG_WARN_OBJC_IMPLICIT_RETAIN_SELF = YES;
				CLANG_WARN_OBJC_LITERAL_CONVERSION = YES;
				CLANG_WARN_OBJC_ROOT_CLASS = YES_ERROR;
				CLANG_WARN_RANGE_LOOP_ANALYSIS = YES;
				CLANG_WARN_STRICT_PROTOTYPES = YES;
				CLANG_WARN_SUSPICIOUS_MOVE = YES;
				CLANG_WARN_UNGUARDED_AVAILABILITY = YES_AGGRESSIVE;
				CLANG_WARN_UNREACHABLE_CODE = YES;
				CLANG_WARN__DUPLICATE_METHOD_MATCH = YES;
				COPY_PHASE_STRIP = NO;
				DEBUG_INFORMATION_FORMAT = "dwarf-with-dsym";
				ENABLE_NS_ASSERTIONS = NO;
				ENABLE_STRICT_OBJC_MSGSEND = YES;
				GCC_C_LANGUAGE_STANDARD = gnu11;
				GCC_NO_COMMON_BLOCKS = YES;
				GCC_WARN_64_TO_32_BIT_CONVERSION = YES;
				GCC_WARN_ABOUT_RETURN_TYPE = YES_ERROR;
				GCC_WARN_UNDECLARED_SELECTOR = YES;
				GCC_WARN_UNINITIALIZED_AUTOS = YES_AGGRESSIVE;
				GCC_WARN_UNUSED_FUNCTION = YES;
				GCC_WARN_UNUSED_VARIABLE = YES;
				IPHONEOS_DEPLOYMENT_TARGET = 11.0;
				MTL_ENABLE_DEBUG_INFO = NO;
				MTL_FAST_MATH = YES;
				SDKROOT = iphoneos;
				SWIFT_COMPILATION_MODE = wholemodule;
				SWIFT_OPTIMIZATION_LEVEL = "-O";
				VALIDATE_PRODUCT = YES;
			};
			name = Release;
		};
		10A0C230243780C80010D9F6 /* Debug */ = {
			isa = XCBuildConfiguration;
			baseConfigurationReference = B5B3861B60DEB606EB7B5E3D /* Pods-MobileNav.debug.xcconfig */;
			buildSettings = {
				ASSETCATALOG_COMPILER_APPICON_NAME = AppIcon;
				CODE_SIGN_STYLE = Automatic;
				DEVELOPMENT_TEAM = NCVC2MHU7M;
				INFOPLIST_FILE = MobileNav/Info.plist;
				LD_RUNPATH_SEARCH_PATHS = (
					"$(inherited)",
					"@executable_path/Frameworks",
				);
				PRODUCT_BUNDLE_IDENTIFIER = com.yourcompany.MobileNav;
				PRODUCT_NAME = "$(TARGET_NAME)";
				SWIFT_VERSION = 5.0;
				TARGETED_DEVICE_FAMILY = "1,2";
			};
			name = Debug;
		};
		10A0C231243780C80010D9F6 /* Release */ = {
			isa = XCBuildConfiguration;
			baseConfigurationReference = 5071711CF91722F4EB66460B /* Pods-MobileNav.release.xcconfig */;
			buildSettings = {
				ASSETCATALOG_COMPILER_APPICON_NAME = AppIcon;
				CODE_SIGN_STYLE = Automatic;
				DEVELOPMENT_TEAM = NCVC2MHU7M;
				INFOPLIST_FILE = MobileNav/Info.plist;
				LD_RUNPATH_SEARCH_PATHS = (
					"$(inherited)",
					"@executable_path/Frameworks",
				);
				PRODUCT_BUNDLE_IDENTIFIER = com.yourcompany.MobileNav;
				PRODUCT_NAME = "$(TARGET_NAME)";
				SWIFT_VERSION = 5.0;
				TARGETED_DEVICE_FAMILY = "1,2";
			};
			name = Release;
		};
/* End XCBuildConfiguration section */

/* Begin XCConfigurationList section */
		10A0C216243780C70010D9F6 /* Build configuration list for PBXProject "MobileNav" */ = {
			isa = XCConfigurationList;
			buildConfigurations = (
				10A0C22D243780C80010D9F6 /* Debug */,
				10A0C22E243780C80010D9F6 /* Release */,
			);
			defaultConfigurationIsVisible = 0;
			defaultConfigurationName = Release;
		};
		10A0C22F243780C80010D9F6 /* Build configuration list for PBXNativeTarget "MobileNav" */ = {
			isa = XCConfigurationList;
			buildConfigurations = (
				10A0C230243780C80010D9F6 /* Debug */,
				10A0C231243780C80010D9F6 /* Release */,
			);
			defaultConfigurationIsVisible = 0;
			defaultConfigurationName = Release;
		};
/* End XCConfigurationList section */
	};
	rootObject = 10A0C213243780C70010D9F6 /* Project object */;
}
